
Microsoft Visual Studio Solution File, Format Version 12.00
# Visual Studio Version 17
VisualStudioVersion = 17.8.34322.80
MinimumVisualStudioVersion = 10.0.40219.1
Project("{2150E333-8FDC-42A3-9474-1A3956D46DE8}") = "src", "src", "{06B75669-A4CC-4EFA-BA18-2290C5D4B792}"
EndProject
Project("{2150E333-8FDC-42A3-9474-1A3956D46DE8}") = "test", "test", "{2DA29C4F-3217-43D2-A4DF-F86C2DDA39C1}"
EndProject
Project("{FAE04EC0-301F-11D3-BF4B-00C04F79EFBC}") = "Bookilink.Domain", "Bookilink.Domain\Bookilink.Domain.csproj", "{08666E14-2549-47B4-9AEE-F7735E318E23}"
EndProject
Global
	GlobalSection(SolutionConfigurationPlatforms) = preSolution
		Debug|Any CPU = Debug|Any CPU
		Release|Any CPU = Release|Any CPU
	EndGlobalSection
	GlobalSection(ProjectConfigurationPlatforms) = postSolution
		{08666E14-2549-47B4-9AEE-F7735E318E23}.Debug|Any CPU.ActiveCfg = Debug|Any CPU
		{08666E14-2549-47B4-9AEE-F7735E318E23}.Debug|Any CPU.Build.0 = Debug|Any CPU
		{08666E14-2549-47B4-9AEE-F7735E318E23}.Release|Any CPU.ActiveCfg = Release|Any CPU
		{08666E14-2549-47B4-9AEE-F7735E318E23}.Release|Any CPU.Build.0 = Release|Any CPU
	EndGlobalSection
	GlobalSection(SolutionProperties) = preSolution
		HideSolutionNode = FALSE
	EndGlobalSection
	GlobalSection(NestedProjects) = preSolution
		{08666E14-2549-47B4-9AEE-F7735E318E23} = {06B75669-A4CC-4EFA-BA18-2290C5D4B792}
	EndGlobalSection
	GlobalSection(ExtensibilityGlobals) = postSolution
		SolutionGuid = {366E22CB-71A4-49A0-868A-7D0B9B88BEE8}
	EndGlobalSection
EndGlobal
